
Microsoft Visual Studio Solution File, Format Version 12.00
# Visual Studio 15
VisualStudioVersion = 15.0.27703.2026
MinimumVisualStudioVersion = 10.0.40219.1
Project("{9A19103F-16F7-4668-BE54-9A1E7A4F7556}") = "ShanoMVVM.Infrastructure", "ShanoMVVM.Infrastructure\ShanoMVVM.Infrastructure.csproj", "{5BCE3DA4-F0EF-491C-97E9-DBA9DFE077C5}"
EndProject
Project("{2150E333-8FDC-42A3-9474-1A3956D46DE8}") = "Test", "Test", "{4866EF89-CBBF-417B-BAD3-70553EE943E7}"
EndProject
Project("{9A19103F-16F7-4668-BE54-9A1E7A4F7556}") = "Test.ShanoMVVM.Infrastructure", "Test.ShanoMVVM.Infrastructure\Test.ShanoMVVM.Infrastructure.csproj", "{0B70BA82-9AC4-4351-A2B0-2AE2A12597AD}"
EndProject
Project("{2150E333-8FDC-42A3-9474-1A3956D46DE8}") = "Framework", "Framework", "{5A4ABA62-527C-4FCD-B61D-1EBB2101A8A5}"
EndProject
Project("{2150E333-8FDC-42A3-9474-1A3956D46DE8}") = "Util", "Util", "{D0F49A0F-990F-437B-BD38-A8F346AFC3EA}"
EndProject
Project("{FAE04EC0-301F-11D3-BF4B-00C04F79EFBC}") = "ShanoMVVM", "ShanoMVVM\ShanoMVVM.csproj", "{CE05C42F-9728-411F-91AB-BBD418ED9BA4}"
EndProject
Project("{FAE04EC0-301F-11D3-BF4B-00C04F79EFBC}") = "Test.ShanoMVVM.DesignTime", "Test.ShanoMVVM.DesignTime\Test.ShanoMVVM.DesignTime.csproj", "{8EDF4429-251A-416D-BB68-93F227191BCF}"
EndProject
Project("{2150E333-8FDC-42A3-9474-1A3956D46DE8}") = "Demo", "Demo", "{D71E5956-D9BA-432F-AA94-4226E428F2DC}"
EndProject
Project("{FAE04EC0-301F-11D3-BF4B-00C04F79EFBC}") = "ShanoMVVM.DemoApplication", "ShanoMVVM.DemoApplication\ShanoMVVM.DemoApplication.csproj", "{7976DFEB-6503-4F20-9252-04EC529F9E10}"
EndProject
Project("{FAE04EC0-301F-11D3-BF4B-00C04F79EFBC}") = "ShanoMVVM.DIalogs", "ShanoMVVM.DIalogs\ShanoMVVM.DIalogs.csproj", "{87490055-47EC-4F24-9020-48A201446220}"
EndProject
Project("{FAE04EC0-301F-11D3-BF4B-00C04F79EFBC}") = "ShanoMVVM.DialogsDemo", "ShanoMVVM.DialogsDemo\ShanoMVVM.DialogsDemo.csproj", "{807BE962-A8B9-4D64-9D43-62E250E74301}"
EndProject
Global
	GlobalSection(SolutionConfigurationPlatforms) = preSolution
		Debug|Any CPU = Debug|Any CPU
		Release|Any CPU = Release|Any CPU
	EndGlobalSection
	GlobalSection(ProjectConfigurationPlatforms) = postSolution
		{5BCE3DA4-F0EF-491C-97E9-DBA9DFE077C5}.Debug|Any CPU.ActiveCfg = Debug|Any CPU
		{5BCE3DA4-F0EF-491C-97E9-DBA9DFE077C5}.Debug|Any CPU.Build.0 = Debug|Any CPU
		{5BCE3DA4-F0EF-491C-97E9-DBA9DFE077C5}.Release|Any CPU.ActiveCfg = Release|Any CPU
		{5BCE3DA4-F0EF-491C-97E9-DBA9DFE077C5}.Release|Any CPU.Build.0 = Release|Any CPU
		{0B70BA82-9AC4-4351-A2B0-2AE2A12597AD}.Debug|Any CPU.ActiveCfg = Debug|Any CPU
		{0B70BA82-9AC4-4351-A2B0-2AE2A12597AD}.Debug|Any CPU.Build.0 = Debug|Any CPU
		{0B70BA82-9AC4-4351-A2B0-2AE2A12597AD}.Release|Any CPU.ActiveCfg = Release|Any CPU
		{0B70BA82-9AC4-4351-A2B0-2AE2A12597AD}.Release|Any CPU.Build.0 = Release|Any CPU
		{CE05C42F-9728-411F-91AB-BBD418ED9BA4}.Debug|Any CPU.ActiveCfg = Debug|Any CPU
		{CE05C42F-9728-411F-91AB-BBD418ED9BA4}.Debug|Any CPU.Build.0 = Debug|Any CPU
		{CE05C42F-9728-411F-91AB-BBD418ED9BA4}.Release|Any CPU.ActiveCfg = Release|Any CPU
		{CE05C42F-9728-411F-91AB-BBD418ED9BA4}.Release|Any CPU.Build.0 = Release|Any CPU
		{8EDF4429-251A-416D-BB68-93F227191BCF}.Debug|Any CPU.ActiveCfg = Debug|Any CPU
		{8EDF4429-251A-416D-BB68-93F227191BCF}.Debug|Any CPU.Build.0 = Debug|Any CPU
		{8EDF4429-251A-416D-BB68-93F227191BCF}.Release|Any CPU.ActiveCfg = Release|Any CPU
		{8EDF4429-251A-416D-BB68-93F227191BCF}.Release|Any CPU.Build.0 = Release|Any CPU
		{7976DFEB-6503-4F20-9252-04EC529F9E10}.Debug|Any CPU.ActiveCfg = Debug|Any CPU
		{7976DFEB-6503-4F20-9252-04EC529F9E10}.Debug|Any CPU.Build.0 = Debug|Any CPU
		{7976DFEB-6503-4F20-9252-04EC529F9E10}.Release|Any CPU.ActiveCfg = Release|Any CPU
		{7976DFEB-6503-4F20-9252-04EC529F9E10}.Release|Any CPU.Build.0 = Release|Any CPU
		{87490055-47EC-4F24-9020-48A201446220}.Debug|Any CPU.ActiveCfg = Debug|Any CPU
		{87490055-47EC-4F24-9020-48A201446220}.Debug|Any CPU.Build.0 = Debug|Any CPU
		{87490055-47EC-4F24-9020-48A201446220}.Release|Any CPU.ActiveCfg = Release|Any CPU
		{87490055-47EC-4F24-9020-48A201446220}.Release|Any CPU.Build.0 = Release|Any CPU
		{807BE962-A8B9-4D64-9D43-62E250E74301}.Debug|Any CPU.ActiveCfg = Debug|Any CPU
		{807BE962-A8B9-4D64-9D43-62E250E74301}.Debug|Any CPU.Build.0 = Debug|Any CPU
		{807BE962-A8B9-4D64-9D43-62E250E74301}.Release|Any CPU.ActiveCfg = Release|Any CPU
		{807BE962-A8B9-4D64-9D43-62E250E74301}.Release|Any CPU.Build.0 = Release|Any CPU
	EndGlobalSection
	GlobalSection(SolutionProperties) = preSolution
		HideSolutionNode = FALSE
	EndGlobalSection
	GlobalSection(NestedProjects) = preSolution
		{5BCE3DA4-F0EF-491C-97E9-DBA9DFE077C5} = {D0F49A0F-990F-437B-BD38-A8F346AFC3EA}
		{0B70BA82-9AC4-4351-A2B0-2AE2A12597AD} = {4866EF89-CBBF-417B-BAD3-70553EE943E7}
		{CE05C42F-9728-411F-91AB-BBD418ED9BA4} = {5A4ABA62-527C-4FCD-B61D-1EBB2101A8A5}
		{8EDF4429-251A-416D-BB68-93F227191BCF} = {4866EF89-CBBF-417B-BAD3-70553EE943E7}
		{7976DFEB-6503-4F20-9252-04EC529F9E10} = {D71E5956-D9BA-432F-AA94-4226E428F2DC}
		{87490055-47EC-4F24-9020-48A201446220} = {5A4ABA62-527C-4FCD-B61D-1EBB2101A8A5}
		{807BE962-A8B9-4D64-9D43-62E250E74301} = {D71E5956-D9BA-432F-AA94-4226E428F2DC}
	EndGlobalSection
	GlobalSection(ExtensibilityGlobals) = postSolution
		SolutionGuid = {9F72C6D6-328B-49A3-9F61-7E21F3BEDAAF}
	EndGlobalSection
EndGlobal
